
Microsoft Visual Studio Solution File, Format Version 12.00
# Visual Studio 15
VisualStudioVersion = 15.0.28307.1831
MinimumVisualStudioVersion = 10.0.40219.1
Project("{8BC9CEB8-8B4A-11D0-8D11-00A0C91BC942}") = "PopTB Platform", "PopTB Platform\PopTB Platform.vcxproj", "{FA522012-A49D-4DFD-AC3E-332E414978E4}"
EndProject
Global
	GlobalSection(SolutionConfigurationPlatforms) = preSolution
		Debug|x64 = Debug|x64
		Debug|x86 = Debug|x86
		Release|x64 = Release|x64
		Release|x86 = Release|x86
	EndGlobalSection
	GlobalSection(ProjectConfigurationPlatforms) = postSolution
		{FA522012-A49D-4DFD-AC3E-332E414978E4}.Debug|x64.ActiveCfg = Debug|Win32
		{FA522012-A49D-4DFD-AC3E-332E414978E4}.Debug|x86.ActiveCfg = Debug|Win32
		{FA522012-A49D-4DFD-AC3E-332E414978E4}.Debug|x86.Build.0 = Debug|Win32
		{FA522012-A49D-4DFD-AC3E-332E414978E4}.Release|x64.ActiveCfg = Release|Win32
		{FA522012-A49D-4DFD-AC3E-332E414978E4}.Release|x86.ActiveCfg = Release|Win32
		{FA522012-A49D-4DFD-AC3E-332E414978E4}.Release|x86.Build.0 = Release|Win32
	EndGlobalSection
	GlobalSection(SolutionProperties) = preSolution
		HideSolutionNode = FALSE
	EndGlobalSection
	GlobalSection(ExtensibilityGlobals) = postSolution
		SolutionGuid = {8689652D-17FF-4C33-8D8C-AE95D7C741D2}
	EndGlobalSection
EndGlobal
